Microsoft Visual Studio Solution File, Format Version 12.00
# Visual Studio Version 17
VisualStudioVersion = 17.0.31903.59
MinimumVisualStudioVersion = 10.0.40219.1
Project("{256125D1-1A9D-4589-BCB6-B54890946CAE}") = "Drasi.Reactions.SyncDaprStateStore", "Drasi.Reactions.SyncDaprStateStore\Drasi.Reactions.SyncDaprStateStore.csproj", "{256125D1-1A9D-4589-BCB6-B54890946CAE}"
EndProject
Project("{455D3529-F0BA-4A9F-9D0C-A32310C47387}") = "Drasi.Reactions.SyncDaprStateStore.Tests", "Drasi.Reactions.SyncDaprStateStore.Tests\Drasi.Reactions.SyncDaprStateStore.Tests.csproj", "{455D3529-F0BA-4A9F-9D0C-A32310C47387}"
EndProject
Global
    GlobalSection(SolutionConfigurationPlatforms) = preSolution
        Debug|Any CPU = Debug|Any CPU
        Release|Any CPU = Release|Any CPU
    EndGlobalSection
    GlobalSection(ProjectConfigurationPlatforms) = postSolution
        {256125D1-1A9D-4589-BCB6-B54890946CAE}.Debug|Any CPU.ActiveCfg = Debug|Any CPU
        {256125D1-1A9D-4589-BCB6-B54890946CAE}.Debug|Any CPU.Build.0 = Debug|Any CPU
        {256125D1-1A9D-4589-BCB6-B54890946CAE}.Release|Any CPU.ActiveCfg = Release|Any CPU
        {256125D1-1A9D-4589-BCB6-B54890946CAE}.Release|Any CPU.Build.0 = Release|Any CPU
        {455D3529-F0BA-4A9F-9D0C-A32310C47387}.Debug|Any CPU.ActiveCfg = Debug|Any CPU
        {455D3529-F0BA-4A9F-9D0C-A32310C47387}.Debug|Any CPU.Build.0 = Debug|Any CPU
        {455D3529-F0BA-4A9F-9D0C-A32310C47387}.Release|Any CPU.ActiveCfg = Release|Any CPU
        {455D3529-F0BA-4A9F-9D0C-A32310C47387}.Release|Any CPU.Build.0 = Release|Any CPU
    EndGlobalSection
    GlobalSection(SolutionProperties) = preSolution
        HideSolutionNode = FALSE
    EndGlobalSection
    GlobalSection(ExtensibilityGlobals) = postSolution
        SolutionGuid = {06B21906-071B-425B-8C6C-3317DB147F9C}
    EndGlobalSection
EndGlobal