{
  "name": "building-comfort-tests",
  "version": "1.0.0",
  "lockfileVersion": 3,
  "requires": true,
  "packages": {
    "": {
      "name": "building-comfort-tests",
      "version": "1.0.0",
      "license": "ISC",
      "dependencies": {
        "chai": "^5.1.1",
        "js-yaml": "^4.1.0"
      }
    },
    "node_modules/argparse": {
      "version": "2.0.1",
      "resolved": "https://registry.npmjs.org/argparse/-/argparse-2.0.1.tgz",
      "integrity": "sha512-8+9WqebbFzpX9OR+Wa6O29asIogeRMzcGtAINdpMHHyAg10f05aSFVBbcEqGf/PXw1EjAZ+q2/bEBg3DvurK3Q==",
      "license": "Python-2.0"
    },
    "node_modules/assertion-error": {
      "version": "2.0.1",
      "resolved": "https://registry.npmjs.org/assertion-error/-/assertion-error-2.0.1.tgz",
      "integrity": "sha512-Izi8RQcffqCeNVgFigKli1ssklIbpHnCYc6AknXGYoB6grJqyeby7jv12JUQgmTAnIDnbck1uxksT4dzN3PWBA==",
      "license": "MIT",
      "engines": {
        "node": ">=12"
      }
    },
    "node_modules/chai": {
      "version": "5.1.1",
      "resolved": "https://registry.npmjs.org/chai/-/chai-5.1.1.tgz",
      "integrity": "sha512-pT1ZgP8rPNqUgieVaEY+ryQr6Q4HXNg8Ei9UnLUrjN4IA7dvQC5JB+/kxVcPNDHyBcc/26CXPkbNzq3qwrOEKA==",
      "license": "MIT",
      "dependencies": {
        "assertion-error": "^2.0.1",
        "check-error": "^2.1.1",
        "deep-eql": "^5.0.1",
        "loupe": "^3.1.0",
        "pathval": "^2.0.0"
      },
      "engines": {
        "node": ">=12"
      }
    },
    "node_modules/check-error": {
      "version": "2.1.1",
      "resolved": "https://registry.npmjs.org/check-error/-/check-error-2.1.1.tgz",
      "integrity": "sha512-OAlb+T7V4Op9OwdkjmguYRqncdlx5JiofwOAUkmTF+jNdHwzTaTs4sRAGpzLF3oOz5xAyDGrPgeIDFQmDOTiJw==",
      "license": "MIT",
      "engines": {
        "node": ">= 16"
      }
    },
    "node_modules/deep-eql": {
      "version": "5.0.2",
      "resolved": "https://registry.npmjs.org/deep-eql/-/deep-eql-5.0.2.tgz",
      "integrity": "sha512-h5k/5U50IJJFpzfL6nO9jaaumfjO/f2NjK/oYB2Djzm4p9L+3T9qWpZqZ2hAbLPuuYq9wrU08WQyBTL5GbPk5Q==",
      "license": "MIT",
      "engines": {
        "node": ">=6"
      }
    },
    "node_modules/get-func-name": {
      "version": "2.0.2",
      "resolved": "https://registry.npmjs.org/get-func-name/-/get-func-name-2.0.2.tgz",
      "integrity": "sha512-8vXOvuE167CtIc3OyItco7N/dpRtBbYOsPsXCz7X/PMnlGjYjSGuZJgM1Y7mmew7BKf9BqvLX2tnOVy1BBUsxQ==",
      "license": "MIT",
      "engines": {
        "node": "*"
      }
    },
    "node_modules/js-yaml": {
      "version": "4.1.0",
      "resolved": "https://registry.npmjs.org/js-yaml/-/js-yaml-4.1.0.tgz",
      "integrity": "sha512-wpxZs9NoxZaJESJGIZTyDEaYpl0FKSA+FB9aJiyemKhMwkxQg63h4T1KJgUGHpTqPDNRcmmYLugrRjJlBtWvRA==",
      "license": "MIT",
      "dependencies": {
        "argparse": "^2.0.1"
      },
      "bin": {
        "js-yaml": "bin/js-yaml.js"
      }
    },
    "node_modules/loupe": {
      "version": "3.1.1",
      "resolved": "https://registry.npmjs.org/loupe/-/loupe-3.1.1.tgz",
      "integrity": "sha512-edNu/8D5MKVfGVFRhFf8aAxiTM6Wumfz5XsaatSxlD3w4R1d/WEKUTydCdPGbl9K7QG/Ca3GnDV2sIKIpXRQcw==",
      "license": "MIT",
      "dependencies": {
        "get-func-name": "^2.0.1"
      }
    },
    "node_modules/pathval": {
      "version": "2.0.0",
      "resolved": "https://registry.npmjs.org/pathval/-/pathval-2.0.0.tgz",
      "integrity": "sha512-vE7JKRyES09KiunauX7nd2Q9/L7lhok4smP9RZTDeD4MVs72Dp2qNFVz39Nz5a0FVEW0BJR6C0DYrq6unoziZA==",
      "license": "MIT",
      "engines": {
        "node": ">= 14.16"
      }
    }
  }
}
