{
  "name": "example-reaction",
  "version": "1.0.0",
  "lockfileVersion": 3,
  "requires": true,
  "packages": {
    "": {
      "name": "example-reaction",
      "version": "1.0.0",
      "license": "Apache-2.0",
      "dependencies": {
        "@drasi/reaction-sdk": "file:../../"
      }
    },
    "..": {
      "name": "@drasi/reaction-sdk",
      "version": "1.0.0",
      "extraneous": true,
      "license": "ISC",
      "dependencies": {
        "@dapr/dapr": "^3.4.1",
        "tslib": "^2.8.0"
      },
      "devDependencies": {
        "@microsoft/api-extractor": "^7.47.11",
        "@types/node": "^22.8.6",
        "json-schema-to-typescript": "^15.0.2",
        "typescript": "^5.6.3"
      }
    },
    "../..": {
      "name": "@drasi/reaction-sdk",
      "version": "1.0.0",
      "license": "Apache-2.0",
      "dependencies": {
        "@dapr/dapr": "^3.4.1",
        "tslib": "^2.8.0"
      },
      "devDependencies": {
        "@microsoft/api-extractor": "^7.47.11",
        "@types/node": "^22.8.6",
        "json-schema-to-typescript": "^15.0.2",
        "typescript": "^5.6.3"
      }
    },
    "node_modules/@drasi/reaction-sdk": {
      "resolved": "../..",
      "link": true
    }
  }
}
