
Microsoft Visual Studio Solution File, Format Version 12.00
# Visual Studio Version 17
VisualStudioVersion = 17.3.32901.215
MinimumVisualStudioVersion = 10.0.40219.1
Project("{FAE04EC0-301F-11D3-BF4B-00C04F79EFBC}") = "Drasi.Reactions.SignalR", "Drasi.Reactions.SignalR\Drasi.Reactions.SignalR.csproj", "{248B7E9E-923F-4E36-B580-9AFD7125CD6E}"
EndProject
Project("{FAE04EC0-301F-11D3-BF4B-00C04F79EFBC}") = "Drasi.Reactions.SignalR.Tests", "Drasi.Reactions.SignalR.Tests\Drasi.Reactions.SignalR.Tests.csproj", "{01D534D7-6BB1-4B67-B61F-1373996962DF}"
EndProject
Global
	GlobalSection(SolutionConfigurationPlatforms) = preSolution
		Debug|Any CPU = Debug|Any CPU
		Release|Any CPU = Release|Any CPU
	EndGlobalSection
	GlobalSection(ProjectConfigurationPlatforms) = postSolution
		{248B7E9E-923F-4E36-B580-9AFD7125CD6E}.Debug|Any CPU.ActiveCfg = Debug|Any CPU
		{248B7E9E-923F-4E36-B580-9AFD7125CD6E}.Debug|Any CPU.Build.0 = Debug|Any CPU
		{248B7E9E-923F-4E36-B580-9AFD7125CD6E}.Release|Any CPU.ActiveCfg = Release|Any CPU
		{248B7E9E-923F-4E36-B580-9AFD7125CD6E}.Release|Any CPU.Build.0 = Release|Any CPU
		{01D534D7-6BB1-4B67-B61F-1373996962DF}.Debug|Any CPU.ActiveCfg = Debug|Any CPU
		{01D534D7-6BB1-4B67-B61F-1373996962DF}.Debug|Any CPU.Build.0 = Debug|Any CPU
		{01D534D7-6BB1-4B67-B61F-1373996962DF}.Release|Any CPU.ActiveCfg = Release|Any CPU
		{01D534D7-6BB1-4B67-B61F-1373996962DF}.Release|Any CPU.Build.0 = Release|Any CPU
	EndGlobalSection
	GlobalSection(SolutionProperties) = preSolution
		HideSolutionNode = FALSE
	EndGlobalSection
	GlobalSection(ExtensibilityGlobals) = postSolution
		SolutionGuid = {30B32526-C0B5-405A-ABED-4F71E719988A}
	EndGlobalSection
EndGlobal
