
Microsoft Visual Studio Solution File, Format Version 12.00
# Visual Studio Version 17
VisualStudioVersion = 17.4.33103.184
MinimumVisualStudioVersion = 10.0.40219.1
Project("{FAE04EC0-301F-11D3-BF4B-00C04F79EFBC}") = "performance-reaction", "performance-reaction.csproj", "{48AB4AF0-8D53-4B01-AB94-52AD02098BE0}"
EndProject
Global
	GlobalSection(SolutionConfigurationPlatforms) = preSolution
		Debug|Any CPU = Debug|Any CPU
		Release|Any CPU = Release|Any CPU
	EndGlobalSection
	GlobalSection(ProjectConfigurationPlatforms) = postSolution
		{48AB4AF0-8D53-4B01-AB94-52AD02098BE0}.Debug|Any CPU.ActiveCfg = Debug|Any CPU
		{48AB4AF0-8D53-4B01-AB94-52AD02098BE0}.Debug|Any CPU.Build.0 = Debug|Any CPU
		{48AB4AF0-8D53-4B01-AB94-52AD02098BE0}.Release|Any CPU.ActiveCfg = Release|Any CPU
		{48AB4AF0-8D53-4B01-AB94-52AD02098BE0}.Release|Any CPU.Build.0 = Release|Any CPU
	EndGlobalSection
	GlobalSection(SolutionProperties) = preSolution
		HideSolutionNode = FALSE
	EndGlobalSection
	GlobalSection(ExtensibilityGlobals) = postSolution
		SolutionGuid = {ED9FC196-B195-49BC-832B-D612E1D7EAFF}
	EndGlobalSection
EndGlobal
