
Microsoft Visual Studio Solution File, Format Version 12.00
# Visual Studio Version 17
VisualStudioVersion = 17.5.002.0
MinimumVisualStudioVersion = 10.0.40219.1
Project("{9A19103F-16F7-4668-BE54-9A1E7A4F7556}") = "drasi-reaction-sdk", "drasi-reaction-sdk.csproj", "{E63E1B5E-61C8-4A5B-B7E0-5E3859C8E6B2}"
EndProject
Global
	GlobalSection(SolutionConfigurationPlatforms) = preSolution
		Debug|Any CPU = Debug|Any CPU
		Release|Any CPU = Release|Any CPU
	EndGlobalSection
	GlobalSection(ProjectConfigurationPlatforms) = postSolution
		{E63E1B5E-61C8-4A5B-B7E0-5E3859C8E6B2}.Debug|Any CPU.ActiveCfg = Debug|Any CPU
		{E63E1B5E-61C8-4A5B-B7E0-5E3859C8E6B2}.Debug|Any CPU.Build.0 = Debug|Any CPU
		{E63E1B5E-61C8-4A5B-B7E0-5E3859C8E6B2}.Release|Any CPU.ActiveCfg = Release|Any CPU
		{E63E1B5E-61C8-4A5B-B7E0-5E3859C8E6B2}.Release|Any CPU.Build.0 = Release|Any CPU
	EndGlobalSection
	GlobalSection(SolutionProperties) = preSolution
		HideSolutionNode = FALSE
	EndGlobalSection
	GlobalSection(ExtensibilityGlobals) = postSolution
		SolutionGuid = {D9F15981-EA51-4A5A-B943-5691552B8081}
	EndGlobalSection
EndGlobal
