
Microsoft Visual Studio Solution File, Format Version 12.00
# Visual Studio Version 16
VisualStudioVersion = 25.0.1704.0
MinimumVisualStudioVersion = 10.0.40219.1
Project("{FAE04EC0-301F-11D3-BF4B-00C04F79EFBC}") = "gremlin-reactor", "gremlin-reactor.csproj", "{6F6E823F-BB81-48CF-9C69-1ACA7F5E3CAA}"
EndProject
Global
	GlobalSection(SolutionConfigurationPlatforms) = preSolution
		Debug|Any CPU = Debug|Any CPU
		Release|Any CPU = Release|Any CPU
	EndGlobalSection
	GlobalSection(ProjectConfigurationPlatforms) = postSolution
		{6F6E823F-BB81-48CF-9C69-1ACA7F5E3CAA}.Debug|Any CPU.ActiveCfg = Debug|Any CPU
		{6F6E823F-BB81-48CF-9C69-1ACA7F5E3CAA}.Debug|Any CPU.Build.0 = Debug|Any CPU
		{6F6E823F-BB81-48CF-9C69-1ACA7F5E3CAA}.Release|Any CPU.ActiveCfg = Release|Any CPU
		{6F6E823F-BB81-48CF-9C69-1ACA7F5E3CAA}.Release|Any CPU.Build.0 = Release|Any CPU
	EndGlobalSection
	GlobalSection(SolutionProperties) = preSolution
		HideSolutionNode = FALSE
	EndGlobalSection
	GlobalSection(ExtensibilityGlobals) = postSolution
		SolutionGuid = {67296BAE-DEF4-45F6-821D-17F019E0FA18}
	EndGlobalSection
EndGlobal
