
Microsoft Visual Studio Solution File, Format Version 12.00
# Visual Studio Version 17
VisualStudioVersion = 17.3.32901.215
MinimumVisualStudioVersion = 10.0.40219.1
Project("{FAE04EC0-301F-11D3-BF4B-00C04F79EFBC}") = "eventgrid-reaction", "eventgrid-reaction.csproj", "{8F6F980B-A2F4-4315-ABEA-8EF1DAE973A8}"
EndProject
Global
	GlobalSection(SolutionConfigurationPlatforms) = preSolution
		Debug|Any CPU = Debug|Any CPU
		Release|Any CPU = Release|Any CPU
	EndGlobalSection
	GlobalSection(ProjectConfigurationPlatforms) = postSolution
		{8F6F980B-A2F4-4315-ABEA-8EF1DAE973A8}.Debug|Any CPU.ActiveCfg = Debug|Any CPU
		{8F6F980B-A2F4-4315-ABEA-8EF1DAE973A8}.Debug|Any CPU.Build.0 = Debug|Any CPU
		{8F6F980B-A2F4-4315-ABEA-8EF1DAE973A8}.Release|Any CPU.ActiveCfg = Release|Any CPU
		{8F6F980B-A2F4-4315-ABEA-8EF1DAE973A8}.Release|Any CPU.Build.0 = Release|Any CPU
	EndGlobalSection
	GlobalSection(SolutionProperties) = preSolution
		HideSolutionNode = FALSE
	EndGlobalSection
	GlobalSection(ExtensibilityGlobals) = postSolution
		SolutionGuid = {D5C19FC2-7097-4176-B011-1871B4E6CA63}
	EndGlobalSection
EndGlobal
